// !$*UTF8*$!
{
	archiveVersion = 1;
	classes = {
	};
	objectVersion = 56;
	objects = {

/* Begin PBXBuildFile section */
		33C2C5B829554ECC0058BA1A /* AppDelegate.m in Sources */ = {isa = PBXBuildFile; fileRef = 33C2C5B729554ECC0058BA1A /* AppDelegate.m */; };
		33C2C5BB29554ECC0058BA1A /* SceneDelegate.m in Sources */ = {isa = PBXBuildFile; fileRef = 33C2C5BA29554ECC0058BA1A /* SceneDelegate.m */; };
		33C2C5BE29554ECC0058BA1A /* ViewController.mm in Sources */ = {isa = PBXBuildFile; fileRef = 33C2C5BD29554ECC0058BA1A /* ViewController.mm */; };
		33C2C5C129554ECC0058BA1A /* Main.storyboard in Resources */ = {isa = PBXBuildFile; fileRef = 33C2C5BF29554ECC0058BA1A /* Main.storyboard */; };
		33C2C5C329554ECD0058BA1A /* Assets.xcassets in Resources */ = {isa = PBXBuildFile; fileRef = 33C2C5C229554ECD0058BA1A /* Assets.xcassets */; };
		33C2C5C629554ECD0058BA1A /* LaunchScreen.storyboard in Resources */ = {isa = PBXBuildFile; fileRef = 33C2C5C429554ECD0058BA1A /* LaunchScreen.storyboard */; };
		33C2C5C929554ECD0058BA1A /* main.mm in Sources */ = {isa = PBXBuildFile; fileRef = 33C2C5C829554ECD0058BA1A /* main.mm */; };
		33C2C5DA295556EC0058BA1A /* Operator.cpp in Sources */ = {isa = PBXBuildFile; fileRef = 33C2C5D8295556EC0058BA1A /* Operator.cpp */; };
/* End PBXBuildFile section */

/* Begin PBXFileReference section */
		33C2C5B329554ECC0058BA1A /* testC++.app */ = {isa = PBXFileReference; explicitFileType = wrapper.application; includeInIndex = 0; path = "testC++.app"; sourceTree = BUILT_PRODUCTS_DIR; };
		33C2C5B629554ECC0058BA1A /* AppDelegate.h */ = {isa = PBXFileReference; lastKnownFileType = sourcecode.c.h; path = AppDelegate.h; sourceTree = "<group>"; };
		33C2C5B729554ECC0058BA1A /* AppDelegate.m */ = {isa = PBXFileReference; lastKnownFileType = sourcecode.c.objc; path = AppDelegate.m; sourceTree = "<group>"; };
		33C2C5B929554ECC0058BA1A /* SceneDelegate.h */ = {isa = PBXFileReference; lastKnownFileType = sourcecode.c.h; path = SceneDelegate.h; sourceTree = "<group>"; };
		33C2C5BA29554ECC0058BA1A /* SceneDelegate.m */ = {isa = PBXFileReference; lastKnownFileType = sourcecode.c.objc; path = SceneDelegate.m; sourceTree = "<group>"; };
		33C2C5BC29554ECC0058BA1A /* ViewController.h */ = {isa = PBXFileReference; lastKnownFileType = sourcecode.c.h; path = ViewController.h; sourceTree = "<group>"; };
		33C2C5BD29554ECC0058BA1A /* ViewController.mm */ = {isa = PBXFileReference; lastKnownFileType = sourcecode.cpp.objcpp; path = ViewController.mm; sourceTree = "<group>"; };
		33C2C5C029554ECC0058BA1A /* Base */ = {isa = PBXFileReference; lastKnownFileType = file.storyboard; name = Base; path = Base.lproj/Main.storyboard; sourceTree = "<group>"; };
		33C2C5C229554ECD0058BA1A /* Assets.xcassets */ = {isa = PBXFileReference; lastKnownFileType = folder.assetcatalog; path = Assets.xcassets; sourceTree = "<group>"; };
		33C2C5C529554ECD0058BA1A /* Base */ = {isa = PBXFileReference; lastKnownFileType = file.storyboard; name = Base; path = Base.lproj/LaunchScreen.storyboard; sourceTree = "<group>"; };
		33C2C5C729554ECD0058BA1A /* Info.plist */ = {isa = PBXFileReference; lastKnownFileType = text.plist.xml; path = Info.plist; sourceTree = "<group>"; };
		33C2C5C829554ECD0058BA1A /* main.mm */ = {isa = PBXFileReference; lastKnownFileType = sourcecode.cpp.objcpp; path = main.mm; sourceTree = "<group>"; };
		33C2C5D8295556EC0058BA1A /* Operator.cpp */ = {isa = PBXFileReference; lastKnownFileType = sourcecode.cpp.cpp; path = Operator.cpp; sourceTree = "<group>"; };
		33C2C5D9295556EC0058BA1A /* Operator.hpp */ = {isa = PBXFileReference; lastKnownFileType = sourcecode.cpp.h; path = Operator.hpp; sourceTree = "<group>"; };
/* End PBXFileReference section */

/* Begin PBXFrameworksBuildPhase section */
		33C2C5B029554ECC0058BA1A /* Frameworks */ = {
			isa = PBXFrameworksBuildPhase;
			buildActionMask = 2147483647;
			files = (
			);
			runOnlyForDeploymentPostprocessing = 0;
		};
/* End PBXFrameworksBuildPhase section */

/* Begin PBXGroup section */
		33C2C5AA29554ECC0058BA1A = {
			isa = PBXGroup;
			children = (
				33C2C5B529554ECC0058BA1A /* testC++ */,
				33C2C5B429554ECC0058BA1A /* Products */,
			);
			sourceTree = "<group>";
		};
		33C2C5B429554ECC0058BA1A /* Products */ = {
			isa = PBXGroup;
			children = (
				33C2C5B329554ECC0058BA1A /* testC++.app */,
			);
			name = Products;
			sourceTree = "<group>";
		};
		33C2C5B529554ECC0058BA1A /* testC++ */ = {
			isa = PBXGroup;
			children = (
				33C2C5B629554ECC0058BA1A /* AppDelegate.h */,
				33C2C5B729554ECC0058BA1A /* AppDelegate.m */,
				33C2C5B929554ECC0058BA1A /* SceneDelegate.h */,
				33C2C5BA29554ECC0058BA1A /* SceneDelegate.m */,
				33C2C5BC29554ECC0058BA1A /* ViewController.h */,
				33C2C5BD29554ECC0058BA1A /* ViewController.mm */,
				33C2C5D9295556EC0058BA1A /* Operator.hpp */,
				33C2C5D8295556EC0058BA1A /* Operator.cpp */,
				33C2C5BF29554ECC0058BA1A /* Main.storyboard */,
				33C2C5C229554ECD0058BA1A /* Assets.xcassets */,
				33C2C5C429554ECD0058BA1A /* LaunchScreen.storyboard */,
				33C2C5C729554ECD0058BA1A /* Info.plist */,
				33C2C5C829554ECD0058BA1A /* main.mm */,
			);
			path = "testC++";
			sourceTree = "<group>";
		};
/* End PBXGroup section */

/* Begin PBXNativeTarget section */
		33C2C5B229554ECC0058BA1A /* testC++ */ = {
			isa = PBXNativeTarget;
			buildConfigurationList = 33C2C5CC29554ECD0058BA1A /* Build configuration list for PBXNativeTarget "testC++" */;
			buildPhases = (
				33C2C5AF29554ECC0058BA1A /* Sources */,
				33C2C5B029554ECC0058BA1A /* Frameworks */,
				33C2C5B129554ECC0058BA1A /* Resources */,
			);
			buildRules = (
			);
			dependencies = (
			);
			name = "testC++";
			productName = "testC++";
			productReference = 33C2C5B329554ECC0058BA1A /* testC++.app */;
			productType = "com.apple.product-type.application";
		};
/* End PBXNativeTarget section */

/* Begin PBXProject section */
		33C2C5AB29554ECC0058BA1A /* Project object */ = {
			isa = PBXProject;
			attributes = {
				BuildIndependentTargetsInParallel = 1;
				LastUpgradeCheck = 1420;
				TargetAttributes = {
					33C2C5B229554ECC0058BA1A = {
						CreatedOnToolsVersion = 14.2;
					};
				};
			};
			buildConfigurationList = 33C2C5AE29554ECC0058BA1A /* Build configuration list for PBXProject "testC++" */;
			compatibilityVersion = "Xcode 14.0";
			developmentRegion = en;
			hasScannedForEncodings = 0;
			knownRegions = (
				en,
				Base,
			);
			mainGroup = 33C2C5AA29554ECC0058BA1A;
			productRefGroup = 33C2C5B429554ECC0058BA1A /* Products */;
			projectDirPath = "";
			projectRoot = "";
			targets = (
				33C2C5B229554ECC0058BA1A /* testC++ */,
			);
		};
/* End PBXProject section */

/* Begin PBXResourcesBuildPhase section */
		33C2C5B129554ECC0058BA1A /* Resources */ = {
			isa = PBXResourcesBuildPhase;
			buildActionMask = 2147483647;
			files = (
				33C2C5C629554ECD0058BA1A /* LaunchScreen.storyboard in Resources */,
				33C2C5C329554ECD0058BA1A /* Assets.xcassets in Resources */,
				33C2C5C129554ECC0058BA1A /* Main.storyboard in Resources */,
			);
			runOnlyForDeploymentPostprocessing = 0;
		};
/* End PBXResourcesBuildPhase section */

/* Begin PBXSourcesBuildPhase section */
		33C2C5AF29554ECC0058BA1A /* Sources */ = {
			isa = PBXSourcesBuildPhase;
			buildActionMask = 2147483647;
			files = (
				33C2C5BE29554ECC0058BA1A /* ViewController.mm in Sources */,
				33C2C5B829554ECC0058BA1A /* AppDelegate.m in Sources */,
				33C2C5C929554ECD0058BA1A /* main.mm in Sources */,
				33C2C5DA295556EC0058BA1A /* Operator.cpp in Sources */,
				33C2C5BB29554ECC0058BA1A /* SceneDelegate.m in Sources */,
			);
			runOnlyForDeploymentPostprocessing = 0;
		};
/* End PBXSourcesBuildPhase section */

/* Begin PBXVariantGroup section */
		33C2C5BF29554ECC0058BA1A /* Main.storyboard */ = {
			isa = PBXVariantGroup;
			children = (
				33C2C5C029554ECC0058BA1A /* Base */,
			);
			name = Main.storyboard;
			sourceTree = "<group>";
		};
		33C2C5C429554ECD0058BA1A /* LaunchScreen.storyboard */ = {
			isa = PBXVariantGroup;
			children = (
				33C2C5C529554ECD0058BA1A /* Base */,
			);
			name = LaunchScreen.storyboard;
			sourceTree = "<group>";
		};
/* End PBXVariantGroup section */

/* Begin XCBuildConfiguration section */
		33C2C5CA29554ECD0058BA1A /* Debug */ = {
			isa = XCBuildConfiguration;
			buildSettings = {
				ALWAYS_SEARCH_USER_PATHS = NO;
				CLANG_ANALYZER_NONNULL = YES;
				CLANG_ANALYZER_NUMBER_OBJECT_CONVERSION = YES_AGGRESSIVE;
				CLANG_CXX_LANGUAGE_STANDARD = "gnu++20";
				CLANG_ENABLE_MODULES = YES;
				CLANG_ENABLE_OBJC_ARC = YES;
				CLANG_ENABLE_OBJC_WEAK = YES;
				CLANG_WARN_BLOCK_CAPTURE_AUTORELEASING = YES;
				CLANG_WARN_BOOL_CONVERSION = YES;
				CLANG_WARN_COMMA = YES;
				CLANG_WARN_CONSTANT_CONVERSION = YES;
				CLANG_WARN_DEPRECATED_OBJC_IMPLEMENTATIONS = YES;
				CLANG_WARN_DIRECT_OBJC_ISA_USAGE = YES_ERROR;
				CLANG_WARN_DOCUMENTATION_COMMENTS = YES;
				CLANG_WARN_EMPTY_BODY = YES;
				CLANG_WARN_ENUM_CONVERSION = YES;
				CLANG_WARN_INFINITE_RECURSION = YES;
				CLANG_WARN_INT_CONVERSION = YES;
				CLANG_WARN_NON_LITERAL_NULL_CONVERSION = YES;
				CLANG_WARN_OBJC_IMPLICIT_RETAIN_SELF = YES;
				CLANG_WARN_OBJC_LITERAL_CONVERSION = YES;
				CLANG_WARN_OBJC_ROOT_CLASS = YES_ERROR;
				CLANG_WARN_QUOTED_INCLUDE_IN_FRAMEWORK_HEADER = YES;
				CLANG_WARN_RANGE_LOOP_ANALYSIS = YES;
				CLANG_WARN_STRICT_PROTOTYPES = YES;
				CLANG_WARN_SUSPICIOUS_MOVE = YES;
				CLANG_WARN_UNGUARDED_AVAILABILITY = YES_AGGRESSIVE;
				CLANG_WARN_UNREACHABLE_CODE = YES;
				CLANG_WARN__DUPLICATE_METHOD_MATCH = YES;
				COPY_PHASE_STRIP = NO;
				DEBUG_INFORMATION_FORMAT = dwarf;
				ENABLE_STRICT_OBJC_MSGSEND = YES;
				ENABLE_TESTABILITY = YES;
				GCC_C_LANGUAGE_STANDARD = gnu11;
				GCC_DYNAMIC_NO_PIC = NO;
				GCC_NO_COMMON_BLOCKS = YES;
				GCC_OPTIMIZATION_LEVEL = 0;
				GCC_PREPROCESSOR_DEFINITIONS = (
					"DEBUG=1",
					"$(inherited)",
				);
				GCC_WARN_64_TO_32_BIT_CONVERSION = YES;
				GCC_WARN_ABOUT_RETURN_TYPE = YES_ERROR;
				GCC_WARN_UNDECLARED_SELECTOR = YES;
				GCC_WARN_UNINITIALIZED_AUTOS = YES_AGGRESSIVE;
				GCC_WARN_UNUSED_FUNCTION = YES;
				GCC_WARN_UNUSED_VARIABLE = YES;
				IPHONEOS_DEPLOYMENT_TARGET = 16.2;
				MTL_ENABLE_DEBUG_INFO = INCLUDE_SOURCE;
				MTL_FAST_MATH = YES;
				ONLY_ACTIVE_ARCH = YES;
				SDKROOT = iphoneos;
			};
			name = Debug;
		};
		33C2C5CB29554ECD0058BA1A /* Release */ = {
			isa = XCBuildConfiguration;
			buildSettings = {
				ALWAYS_SEARCH_USER_PATHS = NO;
				CLANG_ANALYZER_NONNULL = YES;
				CLANG_ANALYZER_NUMBER_OBJECT_CONVERSION = YES_AGGRESSIVE;
				CLANG_CXX_LANGUAGE_STANDARD = "gnu++20";
				CLANG_ENABLE_MODULES = YES;
				CLANG_ENABLE_OBJC_ARC = YES;
				CLANG_ENABLE_OBJC_WEAK = YES;
				CLANG_WARN_BLOCK_CAPTURE_AUTORELEASING = YES;
				CLANG_WARN_BOOL_CONVERSION = YES;
				CLANG_WARN_COMMA = YES;
				CLANG_WARN_CONSTANT_CONVERSION = YES;
				CLANG_WARN_DEPRECATED_OBJC_IMPLEMENTATIONS = YES;
				CLANG_WARN_DIRECT_OBJC_ISA_USAGE = YES_ERROR;
				CLANG_WARN_DOCUMENTATION_COMMENTS = YES;
				CLANG_WARN_EMPTY_BODY = YES;
				CLANG_WARN_ENUM_CONVERSION = YES;
				CLANG_WARN_INFINITE_RECURSION = YES;
				CLANG_WARN_INT_CONVERSION = YES;
				CLANG_WARN_NON_LITERAL_NULL_CONVERSION = YES;
				CLANG_WARN_OBJC_IMPLICIT_RETAIN_SELF = YES;
				CLANG_WARN_OBJC_LITERAL_CONVERSION = YES;
				CLANG_WARN_OBJC_ROOT_CLASS = YES_ERROR;
				CLANG_WARN_QUOTED_INCLUDE_IN_FRAMEWORK_HEADER = YES;
				CLANG_WARN_RANGE_LOOP_ANALYSIS = YES;
				CLANG_WARN_STRICT_PROTOTYPES = YES;
				CLANG_WARN_SUSPICIOUS_MOVE = YES;
				CLANG_WARN_UNGUARDED_AVAILABILITY = YES_AGGRESSIVE;
				CLANG_WARN_UNREACHABLE_CODE = YES;
				CLANG_WARN__DUPLICATE_METHOD_MATCH = YES;
				COPY_PHASE_STRIP = NO;
				DEBUG_INFORMATION_FORMAT = "dwarf-with-dsym";
				ENABLE_NS_ASSERTIONS = NO;
				ENABLE_STRICT_OBJC_MSGSEND = YES;
				GCC_C_LANGUAGE_STANDARD = gnu11;
				GCC_NO_COMMON_BLOCKS = YES;
				GCC_WARN_64_TO_32_BIT_CONVERSION = YES;
				GCC_WARN_ABOUT_RETURN_TYPE = YES_ERROR;
				GCC_WARN_UNDECLARED_SELECTOR = YES;
				GCC_WARN_UNINITIALIZED_AUTOS = YES_AGGRESSIVE;
				GCC_WARN_UNUSED_FUNCTION = YES;
				GCC_WARN_UNUSED_VARIABLE = YES;
				IPHONEOS_DEPLOYMENT_TARGET = 16.2;
				MTL_ENABLE_DEBUG_INFO = NO;
				MTL_FAST_MATH = YES;
				SDKROOT = iphoneos;
				VALIDATE_PRODUCT = YES;
			};
			name = Release;
		};
		33C2C5CD29554ECD0058BA1A /* Debug */ = {
			isa = XCBuildConfiguration;
			buildSettings = {
				ASSETCATALOG_COMPILER_APPICON_NAME = AppIcon;
				ASSETCATALOG_COMPILER_GLOBAL_ACCENT_COLOR_NAME = AccentColor;
				CODE_SIGN_STYLE = Automatic;
				CURRENT_PROJECT_VERSION = 1;
				GENERATE_INFOPLIST_FILE = YES;
				HEADER_SEARCH_PATHS = (
					"-lc++",
					"-lc",
					"-ObjC",
				);
				INFOPLIST_FILE = "testC++/Info.plist";
				INFOPLIST_KEY_UIApplicationSupportsIndirectInputEvents = YES;
				INFOPLIST_KEY_UILaunchStoryboardName = LaunchScreen;
				INFOPLIST_KEY_UIMainStoryboardFile = Main;
				INFOPLIST_KEY_UISupportedInterfaceOrientations_iPad = "UIInterfaceOrientationPortrait UIInterfaceOrientationPortraitUpsideDown UIInterfaceOrientationLandscapeLeft UIInterfaceOrientationLandscapeRight";
				INFOPLIST_KEY_UISupportedInterfaceOrientations_iPhone = "UIInterfaceOrientationPortrait UIInterfaceOrientationLandscapeLeft UIInterfaceOrientationLandscapeRight";
				LD_RUNPATH_SEARCH_PATHS = (
					"$(inherited)",
					"@executable_path/Frameworks",
				);
				MARKETING_VERSION = 1.0;
				PRODUCT_BUNDLE_IDENTIFIER = "hoangduc.com.testC--";
				PRODUCT_NAME = "$(TARGET_NAME)";
				SWIFT_EMIT_LOC_STRINGS = YES;
				TARGETED_DEVICE_FAMILY = "1,2";
			};
			name = Debug;
		};
		33C2C5CE29554ECD0058BA1A /* Release */ = {
			isa = XCBuildConfiguration;
			buildSettings = {
				ASSETCATALOG_COMPILER_APPICON_NAME = AppIcon;
				ASSETCATALOG_COMPILER_GLOBAL_ACCENT_COLOR_NAME = AccentColor;
				CODE_SIGN_STYLE = Automatic;
				CURRENT_PROJECT_VERSION = 1;
				GENERATE_INFOPLIST_FILE = YES;
				HEADER_SEARCH_PATHS = (
					"-lc++",
					"-lc",
					"-ObjC",
				);
				INFOPLIST_FILE = "testC++/Info.plist";
				INFOPLIST_KEY_UIApplicationSupportsIndirectInputEvents = YES;
				INFOPLIST_KEY_UILaunchStoryboardName = LaunchScreen;
				INFOPLIST_KEY_UIMainStoryboardFile = Main;
				INFOPLIST_KEY_UISupportedInterfaceOrientations_iPad = "UIInterfaceOrientationPortrait UIInterfaceOrientationPortraitUpsideDown UIInterfaceOrientationLandscapeLeft UIInterfaceOrientationLandscapeRight";
				INFOPLIST_KEY_UISupportedInterfaceOrientations_iPhone = "UIInterfaceOrientationPortrait UIInterfaceOrientationLandscapeLeft UIInterfaceOrientationLandscapeRight";
				LD_RUNPATH_SEARCH_PATHS = (
					"$(inherited)",
					"@executable_path/Frameworks",
				);
				MARKETING_VERSION = 1.0;
				PRODUCT_BUNDLE_IDENTIFIER = "hoangduc.com.testC--";
				PRODUCT_NAME = "$(TARGET_NAME)";
				SWIFT_EMIT_LOC_STRINGS = YES;
				TARGETED_DEVICE_FAMILY = "1,2";
			};
			name = Release;
		};
/* End XCBuildConfiguration section */

/* Begin XCConfigurationList section */
		33C2C5AE29554ECC0058BA1A /* Build configuration list for PBXProject "testC++" */ = {
			isa = XCConfigurationList;
			buildConfigurations = (
				33C2C5CA29554ECD0058BA1A /* Debug */,
				33C2C5CB29554ECD0058BA1A /* Release */,
			);
			defaultConfigurationIsVisible = 0;
			defaultConfigurationName = Release;
		};
		33C2C5CC29554ECD0058BA1A /* Build configuration list for PBXNativeTarget "testC++" */ = {
			isa = XCConfigurationList;
			buildConfigurations = (
				33C2C5CD29554ECD0058BA1A /* Debug */,
				33C2C5CE29554ECD0058BA1A /* Release */,
			);
			defaultConfigurationIsVisible = 0;
			defaultConfigurationName = Release;
		};
/* End XCConfigurationList section */
	};
	rootObject = 33C2C5AB29554ECC0058BA1A /* Project object */;
}
